<?xml version="1.0" encoding="utf-8"?>
<Project ToolsVersion="4.0" xmlns="http://schemas.microsoft.com/developer/msbuild/2003">
  <ItemGroup>
    <Filter Include="Source Files">
      <UniqueIdentifier>{4FC737F1-C7A5-4376-A066-2A32D752A2FF}</UniqueIdentifier>
      <Extensions>cpp;c;cc;cxx;def;odl;idl;hpj;bat;asm;asmx</Extensions>
    </Filter>
    <Filter Include="Header Files">
      <UniqueIdentifier>{93995380-89BD-4b04-88EB-625FBE52EBFB}</UniqueIdentifier>
      <Extensions>h;hh;hpp;hxx;hm;inl;inc;ipp;xsd</Extensions>
    </Filter>
    <Filter Include="Resource Files">
      <UniqueIdentifier>{67DA6AB6-F800-4c08-8B7A-83BB121AAD01}</UniqueIdentifier>
      <Extensions>rc;ico;cur;bmp;dlg;rc2;rct;bin;rgs;gif;jpg;jpeg;jpe;resx;tiff;tif;png;wav;mfcribbon-ms</Extensions>
    </Filter>
    <Filter Include="Source Files\terrain">
      <UniqueIdentifier>{52cacaa5-d26c-4ad8-8b6b-ca46b2dad56e}</UniqueIdentifier>
    </Filter>
    <Filter Include="Source Files\util">
      <UniqueIdentifier>{3c0a87cd-a2f1-494d-a3eb-1509fa74680f}</UniqueIdentifier>
    </Filter>
    <Filter Include="Source Files\graphics">
      <UniqueIdentifier>{c5f0601a-f11d-43ea-8009-b4ee727561c9}</UniqueIdentifier>
    </Filter>
    <Filter Include="Source Files\graphics\shaders">
      <UniqueIdentifier>{331a4c9c-0a05-4902-a961-51ef7ee3afaf}</UniqueIdentifier>
    </Filter>
  </ItemGroup>
  <ItemGroup>
    <ClCompile Include="main.cpp">
      <Filter>Source Files</Filter>
    </ClCompile>
    <ClCompile Include="timer.cpp">
      <Filter>Source Files\util</Filter>
    </ClCompile>
    <ClCompile Include="window.cpp">
      <Filter>Source Files\util</Filter>
    </ClCompile>
    <ClCompile Include="FastNoise.cpp">
      <Filter>Source Files\util</Filter>
    </ClCompile>
    <ClCompile Include="heightmap.cpp">
      <Filter>Source Files\terrain</Filter>
    </ClCompile>
    <ClCompile Include="shader.cpp">
      <Filter>Source Files\graphics</Filter>
    </ClCompile>
    <ClCompile Include="clouds.cpp">
      <Filter>Source Files\graphics</Filter>
    </ClCompile>
    <ClCompile Include="camera.cpp">
      <Filter>Source Files</Filter>
    </ClCompile>
    <ClCompile Include="input.cpp">
      <Filter>Source Files</Filter>
    </ClCompile>
    <ClCompile Include="terrain.cpp">
      <Filter>Source Files\terrain</Filter>
    </ClCompile>
    <ClCompile Include="eroder.cpp">
      <Filter>Source Files\terrain</Filter>
    </ClCompile>
    <ClCompile Include="misc.cpp">
      <Filter>Source Files\util</Filter>
    </ClCompile>
    <ClCompile Include="lodepng.cpp">
      <Filter>Source Files\util</Filter>
    </ClCompile>
    <ClCompile Include="texture.cpp">
      <Filter>Source Files\graphics</Filter>
    </ClCompile>
  </ItemGroup>
  <ItemGroup>
    <ClInclude Include="timer.hpp">
      <Filter>Source Files\util</Filter>
    </ClInclude>
    <ClInclude Include="window.hpp">
      <Filter>Source Files\util</Filter>
    </ClInclude>
    <ClInclude Include="heightmap.hpp">
      <Filter>Source Files\terrain</Filter>
    </ClInclude>
    <ClInclude Include="FastNoise.h">
      <Filter>Source Files\util</Filter>
    </ClInclude>
    <ClInclude Include="shader.hpp">
      <Filter>Source Files\graphics</Filter>
    </ClInclude>
    <ClInclude Include="clouds.hpp">
      <Filter>Source Files\graphics</Filter>
    </ClInclude>
    <ClInclude Include="camera.hpp">
      <Filter>Source Files</Filter>
    </ClInclude>
    <ClInclude Include="input.hpp">
      <Filter>Source Files</Filter>
    </ClInclude>
    <ClInclude Include="terrain.hpp">
      <Filter>Source Files\terrain</Filter>
    </ClInclude>
    <ClInclude Include="eroder.hpp">
      <Filter>Source Files\terrain</Filter>
    </ClInclude>
    <ClInclude Include="misc.hpp">
      <Filter>Source Files\util</Filter>
    </ClInclude>
    <ClInclude Include="texture.hpp">
      <Filter>Source Files\graphics</Filter>
    </ClInclude>
    <ClInclude Include="lodepng.h">
      <Filter>Source Files\util</Filter>
    </ClInclude>
  </ItemGroup>
  <ItemGroup>
    <None Include="testvert.glsl">
      <Filter>Source Files\graphics\shaders</Filter>
    </None>
    <None Include="testfrag.glsl">
      <Filter>Source Files\graphics\shaders</Filter>
    </None>
    <None Include="testctrl.glsl">
      <Filter>Source Files\graphics\shaders</Filter>
    </None>
    <None Include="testeval.glsl">
      <Filter>Source Files\graphics\shaders</Filter>
    </None>
    <None Include="testgeom.glsl">
      <Filter>Source Files\graphics\shaders</Filter>
    </None>
    <None Include="treesvert.glsl">
      <Filter>Source Files\graphics\shaders</Filter>
    </None>
    <None Include="treesgeom.glsl">
      <Filter>Source Files\graphics\shaders</Filter>
    </None>
    <None Include="treesfrag.glsl">
      <Filter>Source Files\graphics\shaders</Filter>
    </None>
  </ItemGroup>
</Project>